
Microsoft Visual Studio Solution File, Format Version 12.00
# Visual Studio 15
VisualStudioVersion = 15.0.28010.2003
MinimumVisualStudioVersion = 10.0.40219.1
Project("{9A19103F-16F7-4668-BE54-9A1E7A4F7556}") = "ApiSwashbuckle", "ApiSwashbuckle\ApiSwashbuckle.csproj", "{21942AA3-5D79-4652-8C88-0298A33ABCCA}"
EndProject
Project("{9A19103F-16F7-4668-BE54-9A1E7A4F7556}") = "Api.Client", "Api.Client\Api.Client.csproj", "{A62042A0-6A43-4366-915C-0C1DA91430D7}"
	ProjectSection(ProjectDependencies) = postProject
		{ECD901A5-2C76-4346-B910-945580ABCFCD} = {ECD901A5-2C76-4346-B910-945580ABCFCD}
	EndProjectSection
EndProject
Project("{9A19103F-16F7-4668-BE54-9A1E7A4F7556}") = "Api.Console", "Api.Console\Api.Console.csproj", "{8734F670-AF13-4C23-8ADC-4114E983DF2A}"
	ProjectSection(ProjectDependencies) = postProject
		{A62042A0-6A43-4366-915C-0C1DA91430D7} = {A62042A0-6A43-4366-915C-0C1DA91430D7}
	EndProjectSection
EndProject
Project("{9A19103F-16F7-4668-BE54-9A1E7A4F7556}") = "ApiNSwag", "ApiNSwag\ApiNSwag.csproj", "{ECD901A5-2C76-4346-B910-945580ABCFCD}"
EndProject
Project("{9A19103F-16F7-4668-BE54-9A1E7A4F7556}") = "Templating", "Templating\Templating.csproj", "{554B01D3-1339-4C36-B4CB-8B1CE551C88E}"
EndProject
Global
	GlobalSection(SolutionConfigurationPlatforms) = preSolution
		Debug|Any CPU = Debug|Any CPU
		Release|Any CPU = Release|Any CPU
	EndGlobalSection
	GlobalSection(ProjectConfigurationPlatforms) = postSolution
		{21942AA3-5D79-4652-8C88-0298A33ABCCA}.Debug|Any CPU.ActiveCfg = Debug|Any CPU
		{21942AA3-5D79-4652-8C88-0298A33ABCCA}.Debug|Any CPU.Build.0 = Debug|Any CPU
		{21942AA3-5D79-4652-8C88-0298A33ABCCA}.Release|Any CPU.ActiveCfg = Release|Any CPU
		{21942AA3-5D79-4652-8C88-0298A33ABCCA}.Release|Any CPU.Build.0 = Release|Any CPU
		{A62042A0-6A43-4366-915C-0C1DA91430D7}.Debug|Any CPU.ActiveCfg = Debug|Any CPU
		{A62042A0-6A43-4366-915C-0C1DA91430D7}.Debug|Any CPU.Build.0 = Debug|Any CPU
		{A62042A0-6A43-4366-915C-0C1DA91430D7}.Release|Any CPU.ActiveCfg = Release|Any CPU
		{A62042A0-6A43-4366-915C-0C1DA91430D7}.Release|Any CPU.Build.0 = Release|Any CPU
		{8734F670-AF13-4C23-8ADC-4114E983DF2A}.Debug|Any CPU.ActiveCfg = Debug|Any CPU
		{8734F670-AF13-4C23-8ADC-4114E983DF2A}.Debug|Any CPU.Build.0 = Debug|Any CPU
		{8734F670-AF13-4C23-8ADC-4114E983DF2A}.Release|Any CPU.ActiveCfg = Release|Any CPU
		{8734F670-AF13-4C23-8ADC-4114E983DF2A}.Release|Any CPU.Build.0 = Release|Any CPU
		{ECD901A5-2C76-4346-B910-945580ABCFCD}.Debug|Any CPU.ActiveCfg = Debug|Any CPU
		{ECD901A5-2C76-4346-B910-945580ABCFCD}.Debug|Any CPU.Build.0 = Debug|Any CPU
		{ECD901A5-2C76-4346-B910-945580ABCFCD}.Release|Any CPU.ActiveCfg = Release|Any CPU
		{ECD901A5-2C76-4346-B910-945580ABCFCD}.Release|Any CPU.Build.0 = Release|Any CPU
		{554B01D3-1339-4C36-B4CB-8B1CE551C88E}.Debug|Any CPU.ActiveCfg = Debug|Any CPU
		{554B01D3-1339-4C36-B4CB-8B1CE551C88E}.Debug|Any CPU.Build.0 = Debug|Any CPU
		{554B01D3-1339-4C36-B4CB-8B1CE551C88E}.Release|Any CPU.ActiveCfg = Release|Any CPU
		{554B01D3-1339-4C36-B4CB-8B1CE551C88E}.Release|Any CPU.Build.0 = Release|Any CPU
	EndGlobalSection
	GlobalSection(SolutionProperties) = preSolution
		HideSolutionNode = FALSE
	EndGlobalSection
	GlobalSection(ExtensibilityGlobals) = postSolution
		SolutionGuid = {EC58E95A-95BC-4678-B4A4-E712148E7C8E}
	EndGlobalSection
EndGlobal
